#MicroXplorer Configuration settings - do not modify
ADC1.Channel-0\#ChannelRegularConversion=ADC_CHANNEL_5
ADC1.Channel-1\#ChannelRegularConversion=ADC_CHANNEL_6
ADC1.Channel-2\#ChannelRegularConversion=ADC_CHANNEL_7
ADC1.Channel-3\#ChannelRegularConversion=ADC_CHANNEL_14
ADC1.Channel-4\#ChannelRegularConversion=ADC_CHANNEL_TEMPSENSOR
ADC1.ContinuousConvMode=ENABLE
ADC1.DMAContinuousRequests=ENABLE
ADC1.IPParameters=Rank-0\#ChannelRegularConversion,master,Channel-0\#ChannelRegularConversion,SamplingTime-0\#ChannelRegularConversion,NbrOfConversionFlag,Rank-1\#ChannelRegularConversion,Channel-1\#ChannelRegularConversion,SamplingTime-1\#ChannelRegularConversion,Rank-2\#ChannelRegularConversion,Channel-2\#ChannelRegularConversion,SamplingTime-2\#ChannelRegularConversion,Rank-3\#ChannelRegularConversion,Channel-3\#ChannelRegularConversion,SamplingTime-3\#ChannelRegularConversion,Rank-4\#ChannelRegularConversion,Channel-4\#ChannelRegularConversion,SamplingTime-4\#ChannelRegularConversion,NbrOfConversion,ContinuousConvMode,DMAContinuousRequests
ADC1.NbrOfConversion=5
ADC1.NbrOfConversionFlag=1
ADC1.Rank-0\#ChannelRegularConversion=1
ADC1.Rank-1\#ChannelRegularConversion=2
ADC1.Rank-2\#ChannelRegularConversion=3
ADC1.Rank-3\#ChannelRegularConversion=4
ADC1.Rank-4\#ChannelRegularConversion=5
ADC1.SamplingTime-0\#ChannelRegularConversion=ADC_SAMPLETIME_480CYCLES
ADC1.SamplingTime-1\#ChannelRegularConversion=ADC_SAMPLETIME_480CYCLES
ADC1.SamplingTime-2\#ChannelRegularConversion=ADC_SAMPLETIME_480CYCLES
ADC1.SamplingTime-3\#ChannelRegularConversion=ADC_SAMPLETIME_480CYCLES
ADC1.SamplingTime-4\#ChannelRegularConversion=ADC_SAMPLETIME_480CYCLES
ADC1.master=1
ADC2.Channel-0\#ChannelRegularConversion=ADC_CHANNEL_0
ADC2.Channel-1\#ChannelRegularConversion=ADC_CHANNEL_1
ADC2.Channel-2\#ChannelRegularConversion=ADC_CHANNEL_2
ADC2.Channel-3\#ChannelRegularConversion=ADC_CHANNEL_3
ADC2.Channel-4\#ChannelRegularConversion=ADC_CHANNEL_4
ADC2.ContinuousConvMode=ENABLE
ADC2.DMAContinuousRequests=ENABLE
ADC2.IPParameters=Rank-0\#ChannelRegularConversion,Channel-0\#ChannelRegularConversion,SamplingTime-0\#ChannelRegularConversion,NbrOfConversionFlag,Rank-1\#ChannelRegularConversion,Channel-1\#ChannelRegularConversion,SamplingTime-1\#ChannelRegularConversion,Rank-2\#ChannelRegularConversion,Channel-2\#ChannelRegularConversion,SamplingTime-2\#ChannelRegularConversion,Rank-3\#ChannelRegularConversion,Channel-3\#ChannelRegularConversion,SamplingTime-3\#ChannelRegularConversion,Rank-4\#ChannelRegularConversion,Channel-4\#ChannelRegularConversion,SamplingTime-4\#ChannelRegularConversion,NbrOfConversion,DMAContinuousRequests,ContinuousConvMode
ADC2.NbrOfConversion=5
ADC2.NbrOfConversionFlag=1
ADC2.Rank-0\#ChannelRegularConversion=1
ADC2.Rank-1\#ChannelRegularConversion=2
ADC2.Rank-2\#ChannelRegularConversion=3
ADC2.Rank-3\#ChannelRegularConversion=4
ADC2.Rank-4\#ChannelRegularConversion=5
ADC2.SamplingTime-0\#ChannelRegularConversion=ADC_SAMPLETIME_480CYCLES
ADC2.SamplingTime-1\#ChannelRegularConversion=ADC_SAMPLETIME_480CYCLES
ADC2.SamplingTime-2\#ChannelRegularConversion=ADC_SAMPLETIME_480CYCLES
ADC2.SamplingTime-3\#ChannelRegularConversion=ADC_SAMPLETIME_480CYCLES
ADC2.SamplingTime-4\#ChannelRegularConversion=ADC_SAMPLETIME_480CYCLES
CAD.formats=
CAD.pinconfig=
CAD.provider=
CAN1.BS1=CAN_BS1_7TQ
CAN1.CalculateBaudRate=1000000
CAN1.CalculateTimeBit=1000
CAN1.CalculateTimeQuantum=111.11111111111111
CAN1.IPParameters=CalculateTimeQuantum,CalculateTimeBit,CalculateBaudRate,Prescaler,BS1,SJW
CAN1.Prescaler=5
CAN1.SJW=CAN_SJW_4TQ
Dma.ADC1.0.Direction=DMA_PERIPH_TO_MEMORY
Dma.ADC1.0.FIFOMode=DMA_FIFOMODE_DISABLE
Dma.ADC1.0.Instance=DMA2_Stream0
Dma.ADC1.0.MemDataAlignment=DMA_MDATAALIGN_HALFWORD
Dma.ADC1.0.MemInc=DMA_MINC_ENABLE
Dma.ADC1.0.Mode=DMA_CIRCULAR
Dma.ADC1.0.PeriphDataAlignment=DMA_PDATAALIGN_HALFWORD
Dma.ADC1.0.PeriphInc=DMA_PINC_DISABLE
Dma.ADC1.0.Priority=DMA_PRIORITY_LOW
Dma.ADC1.0.RequestParameters=Instance,Direction,PeriphInc,MemInc,PeriphDataAlignment,MemDataAlignment,Mode,Priority,FIFOMode
Dma.ADC2.1.Direction=DMA_PERIPH_TO_MEMORY
Dma.ADC2.1.FIFOMode=DMA_FIFOMODE_DISABLE
Dma.ADC2.1.Instance=DMA2_Stream2
Dma.ADC2.1.MemDataAlignment=DMA_MDATAALIGN_HALFWORD
Dma.ADC2.1.MemInc=DMA_MINC_ENABLE
Dma.ADC2.1.Mode=DMA_CIRCULAR
Dma.ADC2.1.PeriphDataAlignment=DMA_PDATAALIGN_HALFWORD
Dma.ADC2.1.PeriphInc=DMA_PINC_DISABLE
Dma.ADC2.1.Priority=DMA_PRIORITY_LOW
Dma.ADC2.1.RequestParameters=Instance,Direction,PeriphInc,MemInc,PeriphDataAlignment,MemDataAlignment,Mode,Priority,FIFOMode
Dma.Request0=ADC1
Dma.Request1=ADC2
Dma.Request2=TIM1_CH4/TRIG/COM
Dma.Request3=TIM2_UP/CH3
Dma.Request4=TIM3_CH4/UP
Dma.Request5=TIM8_CH2
Dma.RequestsNb=6
Dma.TIM1_CH4/TRIG/COM.2.Direction=DMA_PERIPH_TO_MEMORY
Dma.TIM1_CH4/TRIG/COM.2.FIFOMode=DMA_FIFOMODE_DISABLE
Dma.TIM1_CH4/TRIG/COM.2.Instance=DMA2_Stream4
Dma.TIM1_CH4/TRIG/COM.2.MemDataAlignment=DMA_MDATAALIGN_HALFWORD
Dma.TIM1_CH4/TRIG/COM.2.MemInc=DMA_MINC_ENABLE
Dma.TIM1_CH4/TRIG/COM.2.Mode=DMA_NORMAL
Dma.TIM1_CH4/TRIG/COM.2.PeriphDataAlignment=DMA_PDATAALIGN_HALFWORD
Dma.TIM1_CH4/TRIG/COM.2.PeriphInc=DMA_PINC_DISABLE
Dma.TIM1_CH4/TRIG/COM.2.Priority=DMA_PRIORITY_LOW
Dma.TIM1_CH4/TRIG/COM.2.RequestParameters=Instance,Direction,PeriphInc,MemInc,PeriphDataAlignment,MemDataAlignment,Mode,Priority,FIFOMode
Dma.TIM2_UP/CH3.3.Direction=DMA_PERIPH_TO_MEMORY
Dma.TIM2_UP/CH3.3.FIFOMode=DMA_FIFOMODE_DISABLE
Dma.TIM2_UP/CH3.3.Instance=DMA1_Stream1
Dma.TIM2_UP/CH3.3.MemDataAlignment=DMA_MDATAALIGN_HALFWORD
Dma.TIM2_UP/CH3.3.MemInc=DMA_MINC_ENABLE
Dma.TIM2_UP/CH3.3.Mode=DMA_NORMAL
Dma.TIM2_UP/CH3.3.PeriphDataAlignment=DMA_PDATAALIGN_HALFWORD
Dma.TIM2_UP/CH3.3.PeriphInc=DMA_PINC_DISABLE
Dma.TIM2_UP/CH3.3.Priority=DMA_PRIORITY_LOW
Dma.TIM2_UP/CH3.3.RequestParameters=Instance,Direction,PeriphInc,MemInc,PeriphDataAlignment,MemDataAlignment,Mode,Priority,FIFOMode
Dma.TIM3_CH4/UP.4.Direction=DMA_PERIPH_TO_MEMORY
Dma.TIM3_CH4/UP.4.FIFOMode=DMA_FIFOMODE_DISABLE
Dma.TIM3_CH4/UP.4.Instance=DMA1_Stream2
Dma.TIM3_CH4/UP.4.MemDataAlignment=DMA_MDATAALIGN_HALFWORD
Dma.TIM3_CH4/UP.4.MemInc=DMA_MINC_ENABLE
Dma.TIM3_CH4/UP.4.Mode=DMA_NORMAL
Dma.TIM3_CH4/UP.4.PeriphDataAlignment=DMA_PDATAALIGN_HALFWORD
Dma.TIM3_CH4/UP.4.PeriphInc=DMA_PINC_DISABLE
Dma.TIM3_CH4/UP.4.Priority=DMA_PRIORITY_LOW
Dma.TIM3_CH4/UP.4.RequestParameters=Instance,Direction,PeriphInc,MemInc,PeriphDataAlignment,MemDataAlignment,Mode,Priority,FIFOMode
Dma.TIM8_CH2.5.Direction=DMA_PERIPH_TO_MEMORY
Dma.TIM8_CH2.5.FIFOMode=DMA_FIFOMODE_DISABLE
Dma.TIM8_CH2.5.Instance=DMA2_Stream3
Dma.TIM8_CH2.5.MemDataAlignment=DMA_MDATAALIGN_HALFWORD
Dma.TIM8_CH2.5.MemInc=DMA_MINC_ENABLE
Dma.TIM8_CH2.5.Mode=DMA_NORMAL
Dma.TIM8_CH2.5.PeriphDataAlignment=DMA_PDATAALIGN_HALFWORD
Dma.TIM8_CH2.5.PeriphInc=DMA_PINC_DISABLE
Dma.TIM8_CH2.5.Priority=DMA_PRIORITY_LOW
Dma.TIM8_CH2.5.RequestParameters=Instance,Direction,PeriphInc,MemInc,PeriphDataAlignment,MemDataAlignment,Mode,Priority,FIFOMode
FREERTOS.BinarySemaphores01=canRxSemaphore,Dynamic,NULL
FREERTOS.FootprintOK=true
FREERTOS.IPParameters=Tasks01,FootprintOK,configUSE_NEWLIB_REENTRANT,configUSE_OS2_THREAD_ENUMERATE,configUSE_OS2_THREAD_SUSPEND_RESUME,Queues01,BinarySemaphores01
FREERTOS.Queues01=processQueue,5,PDM_Data_Queue_Struct,0,Dynamic,NULL,NULL;outQueue,5,uint8_t,0,Dynamic,NULL,NULL
FREERTOS.Tasks01=setupTask,24,128,StartSetupTask,Default,NULL,Dynamic,NULL,NULL
FREERTOS.configUSE_NEWLIB_REENTRANT=1
FREERTOS.configUSE_OS2_THREAD_ENUMERATE=0
FREERTOS.configUSE_OS2_THREAD_SUSPEND_RESUME=0
File.Version=6
GPIO.groupedBy=Group By Peripherals
I2C1.I2C_Mode=I2C_Fast
I2C1.IPParameters=I2C_Mode
KeepUserPlacement=false
Mcu.CPN=STM32F446ZET6
Mcu.Family=STM32F4
Mcu.IP0=ADC1
Mcu.IP1=ADC2
Mcu.IP10=TIM1
Mcu.IP11=TIM2
Mcu.IP12=TIM3
Mcu.IP13=TIM6
Mcu.IP14=TIM8
Mcu.IP15=USB_DEVICE
Mcu.IP16=USB_OTG_FS
Mcu.IP2=CAN1
Mcu.IP3=CRC
Mcu.IP4=DMA
Mcu.IP5=FREERTOS
Mcu.IP6=I2C1
Mcu.IP7=NVIC
Mcu.IP8=RCC
Mcu.IP9=SYS
Mcu.IPNb=17
Mcu.Name=STM32F446Z(C-E)Tx
Mcu.Package=LQFP144
Mcu.Pin0=PE2
Mcu.Pin1=PE3
Mcu.Pin10=PA0-WKUP
Mcu.Pin11=PA1
Mcu.Pin12=PA2
Mcu.Pin13=PA3
Mcu.Pin14=PA4
Mcu.Pin15=PA5
Mcu.Pin16=PA6
Mcu.Pin17=PA7
Mcu.Pin18=PC4
Mcu.Pin19=PB0
Mcu.Pin2=PE4
Mcu.Pin20=PB1
Mcu.Pin21=PE14
Mcu.Pin22=PB10
Mcu.Pin23=PB12
Mcu.Pin24=PB13
Mcu.Pin25=PB14
Mcu.Pin26=PB15
Mcu.Pin27=PD8
Mcu.Pin28=PD9
Mcu.Pin29=PD10
Mcu.Pin3=PE5
Mcu.Pin30=PD11
Mcu.Pin31=PD12
Mcu.Pin32=PD13
Mcu.Pin33=PD14
Mcu.Pin34=PD15
Mcu.Pin35=PG2
Mcu.Pin36=PG3
Mcu.Pin37=PG4
Mcu.Pin38=PG5
Mcu.Pin39=PG7
Mcu.Pin4=PF0
Mcu.Pin40=PG8
Mcu.Pin41=PC6
Mcu.Pin42=PC7
Mcu.Pin43=PC8
Mcu.Pin44=PC9
Mcu.Pin45=PA9
Mcu.Pin46=PA11
Mcu.Pin47=PA12
Mcu.Pin48=PA13
Mcu.Pin49=PA14
Mcu.Pin5=PF1
Mcu.Pin50=PC10
Mcu.Pin51=PC11
Mcu.Pin52=PB4
Mcu.Pin53=PB5
Mcu.Pin54=PB6
Mcu.Pin55=PB7
Mcu.Pin56=PB8
Mcu.Pin57=PB9
Mcu.Pin58=VP_ADC1_TempSens_Input
Mcu.Pin59=VP_CRC_VS_CRC
Mcu.Pin6=PF2
Mcu.Pin60=VP_FREERTOS_VS_CMSIS_V2
Mcu.Pin61=VP_SYS_VS_tim9
Mcu.Pin62=VP_TIM1_VS_ClockSourceINT
Mcu.Pin63=VP_TIM2_VS_ClockSourceINT
Mcu.Pin64=VP_TIM3_VS_ClockSourceINT
Mcu.Pin65=VP_TIM6_VS_ClockSourceINT
Mcu.Pin66=VP_TIM8_VS_ClockSourceINT
Mcu.Pin67=VP_USB_DEVICE_VS_USB_DEVICE_CDC_FS
Mcu.Pin7=PF3
Mcu.Pin8=PH0-OSC_IN
Mcu.Pin9=PH1-OSC_OUT
Mcu.PinsNb=68
Mcu.ThirdPartyNb=0
Mcu.UserConstants=
Mcu.UserName=STM32F446ZETx
MxCube.Version=6.10.0
MxDb.Version=DB.6.0.100
NVIC.BusFault_IRQn=true\:0\:0\:false\:false\:true\:false\:false\:false\:false
NVIC.CAN1_RX0_IRQn=true\:5\:0\:true\:false\:true\:true\:true\:true\:true
NVIC.DMA1_Stream1_IRQn=true\:5\:0\:false\:false\:true\:true\:false\:true\:true
NVIC.DMA1_Stream2_IRQn=true\:5\:0\:false\:false\:true\:true\:false\:true\:true
NVIC.DMA2_Stream0_IRQn=true\:5\:0\:false\:false\:true\:true\:false\:true\:true
NVIC.DMA2_Stream2_IRQn=true\:5\:0\:false\:false\:true\:true\:false\:true\:true
NVIC.DMA2_Stream3_IRQn=true\:5\:0\:false\:false\:true\:true\:false\:true\:true
NVIC.DMA2_Stream4_IRQn=true\:5\:0\:false\:false\:true\:true\:false\:true\:true
NVIC.DebugMonitor_IRQn=true\:0\:0\:false\:false\:true\:false\:false\:false\:false
NVIC.ForceEnableDMAVector=true
NVIC.HardFault_IRQn=true\:0\:0\:false\:false\:true\:false\:false\:false\:false
NVIC.MemoryManagement_IRQn=true\:0\:0\:false\:false\:true\:false\:false\:false\:false
NVIC.NonMaskableInt_IRQn=true\:0\:0\:false\:false\:true\:false\:false\:false\:false
NVIC.OTG_FS_IRQn=true\:5\:0\:false\:false\:true\:true\:true\:true\:true
NVIC.PendSV_IRQn=true\:15\:0\:false\:false\:false\:true\:false\:false\:false
NVIC.PriorityGroup=NVIC_PRIORITYGROUP_4
NVIC.SVCall_IRQn=true\:0\:0\:false\:false\:false\:false\:false\:false\:false
NVIC.SavedPendsvIrqHandlerGenerated=true
NVIC.SavedSvcallIrqHandlerGenerated=true
NVIC.SavedSystickIrqHandlerGenerated=true
NVIC.SysTick_IRQn=true\:15\:0\:false\:false\:false\:true\:false\:true\:false
NVIC.TIM1_BRK_TIM9_IRQn=true\:15\:0\:false\:false\:true\:false\:false\:true\:true
NVIC.TIM1_UP_TIM10_IRQn=true\:5\:0\:false\:false\:true\:true\:true\:true\:true
NVIC.TIM2_IRQn=true\:5\:0\:false\:false\:true\:true\:true\:true\:true
NVIC.TIM3_IRQn=true\:5\:0\:false\:false\:true\:true\:true\:true\:true
NVIC.TIM6_DAC_IRQn=true\:5\:0\:false\:false\:true\:true\:true\:true\:true
NVIC.TIM8_UP_TIM13_IRQn=true\:5\:0\:false\:false\:true\:true\:true\:true\:true
NVIC.TimeBase=TIM1_BRK_TIM9_IRQn
NVIC.TimeBaseIP=TIM9
NVIC.UsageFault_IRQn=true\:0\:0\:false\:false\:true\:false\:false\:false\:false
PA0-WKUP.GPIOParameters=GPIO_Label
PA0-WKUP.GPIO_Label=ANALOG1
PA0-WKUP.Signal=ADCx_IN0
PA1.GPIOParameters=GPIO_Label
PA1.GPIO_Label=ANALOG2
PA1.Signal=ADCx_IN1
PA11.Mode=Device_Only
PA11.Signal=USB_OTG_FS_DM
PA12.Mode=Device_Only
PA12.Signal=USB_OTG_FS_DP
PA13.Mode=Serial_Wire
PA13.Signal=SYS_JTMS-SWDIO
PA14.Mode=Serial_Wire
PA14.Signal=SYS_JTCK-SWCLK
PA2.GPIOParameters=GPIO_Label
PA2.GPIO_Label=ANALOG3
PA2.Signal=ADCx_IN2
PA3.GPIOParameters=GPIO_Label
PA3.GPIO_Label=ANALOG4
PA3.Signal=ADCx_IN3
PA4.GPIOParameters=GPIO_Label
PA4.GPIO_Label=ANALOG5
PA4.Signal=ADCx_IN4
PA5.GPIOParameters=GPIO_Label
PA5.GPIO_Label=ANALOG6
PA5.Signal=ADCx_IN5
PA6.GPIOParameters=GPIO_Label
PA6.GPIO_Label=ANALOG7
PA6.Signal=ADCx_IN6
PA7.GPIOParameters=GPIO_Label
PA7.GPIO_Label=ANALOG8
PA7.Signal=ADCx_IN7
PA9.Mode=Activate_VBUS
PA9.Signal=USB_OTG_FS_VBUS
PB0.GPIOParameters=GPIO_ModeDefaultPP,GPIO_Label
PB0.GPIO_Label=OUTPUT2
PB0.GPIO_ModeDefaultPP=GPIO_MODE_AF_OD
PB0.Mode=PWM Generation2 CH2N
PB0.Signal=TIM8_CH2N
PB1.GPIOParameters=GPIO_ModeDefaultPP,GPIO_Label
PB1.GPIO_Label=OUTPUT1
PB1.GPIO_ModeDefaultPP=GPIO_MODE_AF_OD
PB1.Signal=S_TIM3_CH4
PB10.GPIOParameters=GPIO_ModeDefaultPP,GPIO_Label
PB10.GPIO_Label=OUTPUT3
PB10.GPIO_ModeDefaultPP=GPIO_MODE_AF_OD
PB10.Signal=S_TIM2_CH3
PB12.GPIOParameters=GPIO_Label
PB12.GPIO_Label=INPUT13
PB12.Locked=true
PB12.Signal=GPIO_Input
PB13.GPIOParameters=GPIO_Label,GPIO_ModeDefaultEXTI
PB13.GPIO_Label=INPUT14
PB13.GPIO_ModeDefaultEXTI=GPIO_MODE_IT_RISING_FALLING
PB13.Locked=true
PB13.Signal=SharedStack_PB13
PB13.Stacked=true
PB14.GPIOParameters=GPIO_Label
PB14.GPIO_Label=INPUT15
PB14.Locked=true
PB14.Signal=GPIO_Input
PB15.GPIOParameters=GPIO_Label
PB15.GPIO_Label=INPUT16
PB15.Locked=true
PB15.Signal=GPIO_Input
PB4.GPIOParameters=GPIO_Label
PB4.GPIO_Label=INPUT5
PB4.Locked=true
PB4.Signal=GPIO_Input
PB5.GPIOParameters=GPIO_Label
PB5.GPIO_Label=INPUT6
PB5.Locked=true
PB5.Signal=GPIO_Input
PB6.Mode=I2C
PB6.Signal=I2C1_SCL
PB7.Mode=I2C
PB7.Signal=I2C1_SDA
PB8.Locked=true
PB8.Mode=CAN_Activate
PB8.Signal=CAN1_RX
PB9.Locked=true
PB9.Mode=CAN_Activate
PB9.Signal=CAN1_TX
PC10.GPIOParameters=GPIO_Label
PC10.GPIO_Label=INPUT11
PC10.Locked=true
PC10.Signal=GPIO_Input
PC11.GPIOParameters=GPIO_Label
PC11.GPIO_Label=INPUT12
PC11.Locked=true
PC11.Signal=GPIO_Input
PC4.GPIOParameters=GPIO_Label
PC4.GPIO_Label=ANALOG9
PC4.Signal=ADCx_IN14
PC6.GPIOParameters=GPIO_Label
PC6.GPIO_Label=INPUT7
PC6.Locked=true
PC6.Signal=GPIO_Input
PC7.GPIOParameters=GPIO_Label
PC7.GPIO_Label=INPUT8
PC7.Locked=true
PC7.Signal=GPIO_Input
PC8.GPIOParameters=GPIO_Label
PC8.GPIO_Label=INPUT9
PC8.Locked=true
PC8.Signal=GPIO_Input
PC9.GPIOParameters=GPIO_Label
PC9.GPIO_Label=INPUT10
PC9.Locked=true
PC9.Signal=GPIO_Input
PD10.GPIOParameters=GPIO_PuPd,GPIO_Label,GPIO_ModeDefaultOutputPP
PD10.GPIO_Label=OUTPUT8
PD10.GPIO_ModeDefaultOutputPP=GPIO_MODE_OUTPUT_OD
PD10.GPIO_PuPd=GPIO_NOPULL
PD10.Locked=true
PD10.Signal=GPIO_Output
PD11.GPIOParameters=GPIO_PuPd,GPIO_Label,GPIO_ModeDefaultOutputPP
PD11.GPIO_Label=OUTPUT7
PD11.GPIO_ModeDefaultOutputPP=GPIO_MODE_OUTPUT_OD
PD11.GPIO_PuPd=GPIO_NOPULL
PD11.Locked=true
PD11.Signal=GPIO_Output
PD12.GPIOParameters=GPIO_PuPd,GPIO_Label,GPIO_ModeDefaultOutputPP
PD12.GPIO_Label=OUTPUT10
PD12.GPIO_ModeDefaultOutputPP=GPIO_MODE_OUTPUT_OD
PD12.GPIO_PuPd=GPIO_NOPULL
PD12.Locked=true
PD12.Signal=GPIO_Output
PD13.GPIOParameters=GPIO_PuPd,GPIO_Label,GPIO_ModeDefaultOutputPP
PD13.GPIO_Label=OUTPUT9
PD13.GPIO_ModeDefaultOutputPP=GPIO_MODE_OUTPUT_OD
PD13.GPIO_PuPd=GPIO_NOPULL
PD13.Locked=true
PD13.Signal=GPIO_Output
PD14.GPIOParameters=GPIO_PuPd,GPIO_Label,GPIO_ModeDefaultOutputPP
PD14.GPIO_Label=OUTPUT12
PD14.GPIO_ModeDefaultOutputPP=GPIO_MODE_OUTPUT_OD
PD14.GPIO_PuPd=GPIO_NOPULL
PD14.Locked=true
PD14.Signal=GPIO_Output
PD15.GPIOParameters=GPIO_PuPd,GPIO_Label,GPIO_ModeDefaultOutputPP
PD15.GPIO_Label=OUTPUT11
PD15.GPIO_ModeDefaultOutputPP=GPIO_MODE_OUTPUT_OD
PD15.GPIO_PuPd=GPIO_NOPULL
PD15.Locked=true
PD15.Signal=GPIO_Output
PD8.GPIOParameters=GPIO_PuPd,GPIO_Label,GPIO_ModeDefaultOutputPP
PD8.GPIO_Label=OUTPUT6
PD8.GPIO_ModeDefaultOutputPP=GPIO_MODE_OUTPUT_OD
PD8.GPIO_PuPd=GPIO_NOPULL
PD8.Locked=true
PD8.Signal=GPIO_Output
PD9.GPIOParameters=GPIO_PuPd,GPIO_Label,GPIO_ModeDefaultOutputPP
PD9.GPIO_Label=OUTPUT5
PD9.GPIO_ModeDefaultOutputPP=GPIO_MODE_OUTPUT_OD
PD9.GPIO_PuPd=GPIO_NOPULL
PD9.Locked=true
PD9.Signal=GPIO_Output
PE14.GPIOParameters=GPIO_ModeDefaultPP,GPIO_Label
PE14.GPIO_Label=OUTPUT4
PE14.GPIO_ModeDefaultPP=GPIO_MODE_AF_OD
PE14.Signal=S_TIM1_CH4
PE2.GPIOParameters=GPIO_PuPd,GPIO_Label,GPIO_ModeDefaultOutputPP
PE2.GPIO_Label=FAULTRST
PE2.GPIO_ModeDefaultOutputPP=GPIO_MODE_OUTPUT_OD
PE2.GPIO_PuPd=GPIO_NOPULL
PE2.Locked=true
PE2.Signal=GPIO_Output
PE3.GPIOParameters=GPIO_PuPd,GPIO_Label,GPIO_ModeDefaultOutputPP
PE3.GPIO_Label=SEL1
PE3.GPIO_ModeDefaultOutputPP=GPIO_MODE_OUTPUT_OD
PE3.GPIO_PuPd=GPIO_NOPULL
PE3.Locked=true
PE3.Signal=GPIO_Output
PE4.GPIOParameters=GPIO_PuPd,GPIO_Label,GPIO_ModeDefaultOutputPP
PE4.GPIO_Label=SEL0
PE4.GPIO_ModeDefaultOutputPP=GPIO_MODE_OUTPUT_OD
PE4.GPIO_PuPd=GPIO_NOPULL
PE4.Locked=true
PE4.Signal=GPIO_Output
PE5.GPIOParameters=GPIO_PuPd,GPIO_Label,GPIO_ModeDefaultOutputPP
PE5.GPIO_Label=SEN
PE5.GPIO_ModeDefaultOutputPP=GPIO_MODE_OUTPUT_OD
PE5.GPIO_PuPd=GPIO_NOPULL
PE5.Locked=true
PE5.Signal=GPIO_Output
PF0.GPIOParameters=GPIO_Label
PF0.GPIO_Label=INPUT1
PF0.Locked=true
PF0.Signal=GPIO_Input
PF1.GPIOParameters=GPIO_Label
PF1.GPIO_Label=INPUT2
PF1.Locked=true
PF1.Signal=GPIO_Input
PF2.GPIOParameters=GPIO_Label
PF2.GPIO_Label=INPUT3
PF2.Locked=true
PF2.Signal=GPIO_Input
PF3.GPIOParameters=GPIO_Label,GPIO_ModeDefaultEXTI
PF3.GPIO_Label=INPUT4
PF3.GPIO_ModeDefaultEXTI=GPIO_MODE_IT_RISING_FALLING
PF3.Locked=true
PF3.Signal=GPXTI3
PG2.GPIOParameters=GPIO_PuPd,GPIO_Label,GPIO_ModeDefaultOutputPP
PG2.GPIO_Label=OUTPUT14
PG2.GPIO_ModeDefaultOutputPP=GPIO_MODE_OUTPUT_OD
PG2.GPIO_PuPd=GPIO_NOPULL
PG2.Locked=true
PG2.Signal=GPIO_Output
PG3.GPIOParameters=GPIO_PuPd,GPIO_Label,GPIO_ModeDefaultOutputPP
PG3.GPIO_Label=OUTPUT13
PG3.GPIO_ModeDefaultOutputPP=GPIO_MODE_OUTPUT_OD
PG3.GPIO_PuPd=GPIO_NOPULL
PG3.Locked=true
PG3.Signal=GPIO_Output
PG4.GPIOParameters=GPIO_PuPd,GPIO_Label,GPIO_ModeDefaultOutputPP
PG4.GPIO_Label=OUTPUT16
PG4.GPIO_ModeDefaultOutputPP=GPIO_MODE_OUTPUT_OD
PG4.GPIO_PuPd=GPIO_NOPULL
PG4.Locked=true
PG4.Signal=GPIO_Output
PG5.GPIOParameters=GPIO_PuPd,GPIO_Label,GPIO_ModeDefaultOutputPP
PG5.GPIO_Label=OUTPUT15
PG5.GPIO_ModeDefaultOutputPP=GPIO_MODE_OUTPUT_OD
PG5.GPIO_PuPd=GPIO_NOPULL
PG5.Locked=true
PG5.Signal=GPIO_Output
PG7.GPIOParameters=GPIO_PuPd,GPIO_Label,GPIO_ModeDefaultOutputPP
PG7.GPIO_Label=CAN_RX_LED
PG7.GPIO_ModeDefaultOutputPP=GPIO_MODE_OUTPUT_OD
PG7.GPIO_PuPd=GPIO_NOPULL
PG7.Locked=true
PG7.Signal=GPIO_Output
PG8.GPIOParameters=GPIO_PuPd,GPIO_Label,GPIO_ModeDefaultOutputPP
PG8.GPIO_Label=CAN_TX_LED
PG8.GPIO_ModeDefaultOutputPP=GPIO_MODE_OUTPUT_OD
PG8.GPIO_PuPd=GPIO_NOPULL
PG8.Locked=true
PG8.Signal=GPIO_Output
PH0-OSC_IN.Mode=HSE-External-Oscillator
PH0-OSC_IN.Signal=RCC_OSC_IN
PH1-OSC_OUT.Mode=HSE-External-Oscillator
PH1-OSC_OUT.Signal=RCC_OSC_OUT
PinOutPanel.RotationAngle=0
ProjectManager.AskForMigrate=true
ProjectManager.BackupPrevious=false
ProjectManager.CompilerOptimize=6
ProjectManager.ComputerToolchain=false
ProjectManager.CoupleFile=false
ProjectManager.CustomerFirmwarePackage=
ProjectManager.DefaultFWLocation=true
ProjectManager.DeletePrevious=true
ProjectManager.DeviceId=STM32F446ZETx
ProjectManager.FirmwarePackage=STM32Cube FW_F4 V1.28.0
ProjectManager.FreePins=false
ProjectManager.HalAssertFull=false
ProjectManager.HeapSize=0x7FFF
ProjectManager.KeepUserCode=true
ProjectManager.LastFirmware=true
ProjectManager.LibraryCopy=1
ProjectManager.MainLocation=Core/Src
ProjectManager.NoMain=false
ProjectManager.PreviousToolchain=
ProjectManager.ProjectBuild=false
ProjectManager.ProjectFileName=Firmware_PDM_E19.ioc
ProjectManager.ProjectName=Firmware_PDM_E19
ProjectManager.ProjectStructure=
ProjectManager.RegisterCallBack=
ProjectManager.StackSize=0x4000
ProjectManager.TargetToolchain=STM32CubeIDE
ProjectManager.ToolChainLocation=
ProjectManager.UAScriptAfterPath=
ProjectManager.UAScriptBeforePath=
ProjectManager.UnderRoot=true
ProjectManager.functionlistsort=1-SystemClock_Config-RCC-false-HAL-false,2-MX_GPIO_Init-GPIO-false-HAL-true,3-MX_DMA_Init-DMA-false-HAL-true,4-MX_ADC1_Init-ADC1-false-HAL-true,5-MX_ADC2_Init-ADC2-false-HAL-true,6-MX_CAN1_Init-CAN1-false-HAL-true,7-MX_TIM1_Init-TIM1-false-HAL-true,8-MX_TIM2_Init-TIM2-false-HAL-true,9-MX_TIM3_Init-TIM3-false-HAL-true,10-MX_TIM8_Init-TIM8-false-HAL-true,11-MX_I2C1_Init-I2C1-false-HAL-true,12-MX_USB_DEVICE_Init-USB_DEVICE-false-HAL-false,13-MX_CRC_Init-CRC-false-HAL-true,14-MX_TIM6_Init-TIM6-false-HAL-true
RCC.AHBFreq_Value=180000000
RCC.APB1CLKDivider=RCC_HCLK_DIV4
RCC.APB1Freq_Value=45000000
RCC.APB1TimFreq_Value=90000000
RCC.APB2CLKDivider=RCC_HCLK_DIV2
RCC.APB2Freq_Value=90000000
RCC.APB2TimFreq_Value=180000000
RCC.CECFreq_Value=32786.88524590164
RCC.CortexFreq_Value=180000000
RCC.FCLKCortexFreq_Value=180000000
RCC.FMPI2C1Freq_Value=45000000
RCC.FamilyName=M
RCC.HCLKFreq_Value=180000000
RCC.HSE_VALUE=8000000
RCC.I2S1Freq_Value=48000000
RCC.I2S2Freq_Value=48000000
RCC.IPParameters=AHBFreq_Value,APB1CLKDivider,APB1Freq_Value,APB1TimFreq_Value,APB2CLKDivider,APB2Freq_Value,APB2TimFreq_Value,CECFreq_Value,CortexFreq_Value,FCLKCortexFreq_Value,FMPI2C1Freq_Value,FamilyName,HCLKFreq_Value,HSE_VALUE,I2S1Freq_Value,I2S2Freq_Value,MCO2PinFreq_Value,PLLCLKFreq_Value,PLLI2SPCLKFreq_Value,PLLI2SQCLKFreq_Value,PLLI2SRCLKFreq_Value,PLLI2SoutputFreq_Value,PLLM,PLLN,PLLQ,PLLQCLKFreq_Value,PLLRCLKFreq_Value,PLLSAIM,PLLSAIP,PLLSAIPCLKFreq_Value,PLLSAIQCLKFreq_Value,PLLSAIoutputFreq_Value,PLLSourceVirtual,PWRFreq_Value,SAIAFreq_Value,SAIBFreq_Value,SDIOFreq_Value,SPDIFRXFreq_Value,SYSCLKFreq_VALUE,SYSCLKSource,USBCLockSelection,USBFreq_Value,VCOI2SInputFreq_Value,VCOI2SOutputFreq_Value,VCOInputFreq_Value,VCOOutputFreq_Value,VCOSAIInputFreq_Value,VCOSAIOutputFreq_Value
RCC.MCO2PinFreq_Value=180000000
RCC.PLLCLKFreq_Value=180000000
RCC.PLLI2SPCLKFreq_Value=48000000
RCC.PLLI2SQCLKFreq_Value=48000000
RCC.PLLI2SRCLKFreq_Value=48000000
RCC.PLLI2SoutputFreq_Value=48000000
RCC.PLLM=4
RCC.PLLN=180
RCC.PLLQ=8
RCC.PLLQCLKFreq_Value=45000000
RCC.PLLRCLKFreq_Value=180000000
RCC.PLLSAIM=8
RCC.PLLSAIP=RCC_PLLSAIP_DIV4
RCC.PLLSAIPCLKFreq_Value=48000000
RCC.PLLSAIQCLKFreq_Value=96000000
RCC.PLLSAIoutputFreq_Value=48000000
RCC.PLLSourceVirtual=RCC_PLLSOURCE_HSE
RCC.PWRFreq_Value=180000000
RCC.SAIAFreq_Value=96000000
RCC.SAIBFreq_Value=96000000
RCC.SDIOFreq_Value=48000000
RCC.SPDIFRXFreq_Value=180000000
RCC.SYSCLKFreq_VALUE=180000000
RCC.SYSCLKSource=RCC_SYSCLKSOURCE_PLLCLK
RCC.USBCLockSelection=RCC_CLK48CLKSOURCE_PLLSAIP
RCC.USBFreq_Value=48000000
RCC.VCOI2SInputFreq_Value=500000
RCC.VCOI2SOutputFreq_Value=96000000
RCC.VCOInputFreq_Value=2000000
RCC.VCOOutputFreq_Value=360000000
RCC.VCOSAIInputFreq_Value=1000000
RCC.VCOSAIOutputFreq_Value=192000000
SH.ADCx_IN0.0=ADC2_IN0,IN0
SH.ADCx_IN0.ConfNb=1
SH.ADCx_IN1.0=ADC2_IN1,IN1
SH.ADCx_IN1.ConfNb=1
SH.ADCx_IN14.0=ADC1_IN14,IN14
SH.ADCx_IN14.ConfNb=1
SH.ADCx_IN2.0=ADC2_IN2,IN2
SH.ADCx_IN2.ConfNb=1
SH.ADCx_IN3.0=ADC2_IN3,IN3
SH.ADCx_IN3.ConfNb=1
SH.ADCx_IN4.0=ADC2_IN4,IN4
SH.ADCx_IN4.ConfNb=1
SH.ADCx_IN5.0=ADC1_IN5,IN5
SH.ADCx_IN5.ConfNb=1
SH.ADCx_IN6.0=ADC1_IN6,IN6
SH.ADCx_IN6.ConfNb=1
SH.ADCx_IN7.0=ADC1_IN7,IN7
SH.ADCx_IN7.ConfNb=1
SH.GPXTI3.0=GPIO_EXTI3
SH.GPXTI3.ConfNb=1
SH.S_TIM1_CH4.0=TIM1_CH4,PWM Generation4 CH4
SH.S_TIM1_CH4.ConfNb=1
SH.S_TIM2_CH3.0=TIM2_CH3,PWM Generation3 CH3
SH.S_TIM2_CH3.ConfNb=1
SH.S_TIM3_CH4.0=TIM3_CH4,PWM Generation4 CH4
SH.S_TIM3_CH4.ConfNb=1
SH.SharedStack_PB13.0=GPIO_EXTI13+0
SH.SharedStack_PB13.1=GPIO_Input
SH.SharedStack_PB13.ConfNb=2
TIM1.Channel-PWM\ Generation4\ CH4=TIM_CHANNEL_4
TIM1.IPParameters=Channel-PWM Generation4 CH4,Prescaler,Period,OCMode_PWM-PWM Generation4 CH4
TIM1.OCMode_PWM-PWM\ Generation4\ CH4=TIM_OCMODE_PWM1
TIM1.Period=999
TIM1.Prescaler=1799
TIM2.Channel-PWM\ Generation3\ CH3=TIM_CHANNEL_3
TIM2.IPParameters=Channel-PWM Generation3 CH3,Prescaler,Period,OCMode_PWM-PWM Generation3 CH3
TIM2.OCMode_PWM-PWM\ Generation3\ CH3=TIM_OCMODE_PWM1
TIM2.Period=999
TIM2.Prescaler=899
TIM3.Channel-PWM\ Generation4\ CH4=TIM_CHANNEL_4
TIM3.IPParameters=Channel-PWM Generation4 CH4,Prescaler,Period,OCMode_PWM-PWM Generation4 CH4
TIM3.OCMode_PWM-PWM\ Generation4\ CH4=TIM_OCMODE_PWM1
TIM3.Period=999
TIM3.Prescaler=899
TIM6.IPParameters=Prescaler,Period,TIM_MasterOutputTrigger
TIM6.Period=0xfffe
TIM6.Prescaler=89
TIM6.TIM_MasterOutputTrigger=TIM_TRGO_RESET
TIM8.Channel-PWM\ Generation2\ CH2N=TIM_CHANNEL_2
TIM8.IPParameters=Channel-PWM Generation2 CH2N,Prescaler,Period,OCMode_PWM-PWM Generation2 CH2N,OCNPolarity_2
TIM8.OCMode_PWM-PWM\ Generation2\ CH2N=TIM_OCMODE_PWM1
TIM8.OCNPolarity_2=TIM_OCNPOLARITY_HIGH
TIM8.Period=999
TIM8.Prescaler=1799
USB_DEVICE.CLASS_NAME_FS=CDC
USB_DEVICE.IPParameters=VirtualMode-CDC_FS,VirtualModeFS,CLASS_NAME_FS,USBD_LPM_ENABLED-CDC_FS
USB_DEVICE.USBD_LPM_ENABLED-CDC_FS=0
USB_DEVICE.VirtualMode-CDC_FS=Cdc
USB_DEVICE.VirtualModeFS=Cdc_FS
USB_OTG_FS.IPParameters=VirtualMode
USB_OTG_FS.VirtualMode=Device_Only
VP_ADC1_TempSens_Input.Mode=IN-TempSens
VP_ADC1_TempSens_Input.Signal=ADC1_TempSens_Input
VP_CRC_VS_CRC.Mode=CRC_Activate
VP_CRC_VS_CRC.Signal=CRC_VS_CRC
VP_FREERTOS_VS_CMSIS_V2.Mode=CMSIS_V2
VP_FREERTOS_VS_CMSIS_V2.Signal=FREERTOS_VS_CMSIS_V2
VP_SYS_VS_tim9.Mode=TIM9
VP_SYS_VS_tim9.Signal=SYS_VS_tim9
VP_TIM1_VS_ClockSourceINT.Mode=Internal
VP_TIM1_VS_ClockSourceINT.Signal=TIM1_VS_ClockSourceINT
VP_TIM2_VS_ClockSourceINT.Mode=Internal
VP_TIM2_VS_ClockSourceINT.Signal=TIM2_VS_ClockSourceINT
VP_TIM3_VS_ClockSourceINT.Mode=Internal
VP_TIM3_VS_ClockSourceINT.Signal=TIM3_VS_ClockSourceINT
VP_TIM6_VS_ClockSourceINT.Mode=Enable_Timer
VP_TIM6_VS_ClockSourceINT.Signal=TIM6_VS_ClockSourceINT
VP_TIM8_VS_ClockSourceINT.Mode=Internal
VP_TIM8_VS_ClockSourceINT.Signal=TIM8_VS_ClockSourceINT
VP_USB_DEVICE_VS_USB_DEVICE_CDC_FS.Mode=CDC_FS
VP_USB_DEVICE_VS_USB_DEVICE_CDC_FS.Signal=USB_DEVICE_VS_USB_DEVICE_CDC_FS
board=custom
rtos.0.ip=FREERTOS
isbadioc=false
